{
  "pins" : [
    {
      "identity" : "appauth-ios",
      "kind" : "remoteSourceControl",
      "location" : "https://github.com/openid/AppAuth-iOS.git",
      "state" : {
        "revision" : "01131d68346c8ae552961c768d583c715fbe1410",
        "version" : "1.4.0"
      }
    },
    {
      "identity" : "googlesignin-ios",
      "kind" : "remoteSourceControl",
      "location" : "https://github.com/google/GoogleSignIn-iOS",
      "state" : {
        "branch" : "main",
        "revision" : "2a1b07fec09784f878d4a33f2b29c12df6db56bf"
      }
    },
    {
      "identity" : "gtm-session-fetcher",
      "kind" : "remoteSourceControl",
      "location" : "https://github.com/google/gtm-session-fetcher.git",
      "state" : {
        "revision" : "bc6a19702ac76ac4e488b68148710eb815f9bc56",
        "version" : "1.7.0"
      }
    },
    {
      "identity" : "gtmappauth",
      "kind" : "remoteSourceControl",
      "location" : "https://github.com/google/GTMAppAuth.git",
      "state" : {
        "revision" : "40f4103fb52109032c05599a0c39ad43edbdf80a",
        "version" : "1.2.2"
      }
    },
    {
      "identity" : "youtubeplayerkit",
      "kind" : "remoteSourceControl",
      "location" : "https://github.com/SvenTiigi/YouTubePlayerKit.git",
      "state" : {
        "revision" : "f4dc06b8b6c0031ccb82e75bb95d610ed68df31d",
        "version" : "1.1.0"
      }
    }
  ],
  "version" : 2
}
